// !$*UTF8*$!
{
	archiveVersion = 1;
	classes = {
	};
	objectVersion = 56;
	objects = {

/* Begin PBXBuildFile section */
		4C2641B32C6A51FB00F020F7 /* CategoriesView.swift in Sources */ = {isa = PBXBuildFile; fileRef = 4C2641B22C6A51FB00F020F7 /* CategoriesView.swift */; };
		4C2641B52C6A522700F020F7 /* NewRecipeView.swift in Sources */ = {isa = PBXBuildFile; fileRef = 4C2641B42C6A522700F020F7 /* NewRecipeView.swift */; };
		4C2641B72C6A523A00F020F7 /* FavouritesView.swift in Sources */ = {isa = PBXBuildFile; fileRef = 4C2641B62C6A523A00F020F7 /* FavouritesView.swift */; };
		4C2641B92C6A524C00F020F7 /* SettingsView.swift in Sources */ = {isa = PBXBuildFile; fileRef = 4C2641B82C6A524C00F020F7 /* SettingsView.swift */; };
		4C3E012D2C6CB4E50063F571 /* TabBar.swift in Sources */ = {isa = PBXBuildFile; fileRef = 4C3E012C2C6CB4E50063F571 /* TabBar.swift */; };
		4C3E01302C6CBC580063F571 /* RecipeModel.swift in Sources */ = {isa = PBXBuildFile; fileRef = 4C3E012F2C6CBC580063F571 /* RecipeModel.swift */; };
		4C51077A2C6DF6DA00FEFE7F /* RecipeCard.swift in Sources */ = {isa = PBXBuildFile; fileRef = 4C5107792C6DF6DA00FEFE7F /* RecipeCard.swift */; };
		4C51077C2C6E130400FEFE7F /* RecipeList.swift in Sources */ = {isa = PBXBuildFile; fileRef = 4C51077B2C6E130400FEFE7F /* RecipeList.swift */; };
		4C51077E2C6E22E900FEFE7F /* RecipeView.swift in Sources */ = {isa = PBXBuildFile; fileRef = 4C51077D2C6E22E900FEFE7F /* RecipeView.swift */; };
		4C5107822C6E52DB00FEFE7F /* CategoryView.swift in Sources */ = {isa = PBXBuildFile; fileRef = 4C5107812C6E52DB00FEFE7F /* CategoryView.swift */; };
		4C580C6F2C6F339B00672D66 /* AddRecipeView.swift in Sources */ = {isa = PBXBuildFile; fileRef = 4C580C6E2C6F339B00672D66 /* AddRecipeView.swift */; };
		4C580C712C6F424500672D66 /* RecipesViewModel.swift in Sources */ = {isa = PBXBuildFile; fileRef = 4C580C702C6F424400672D66 /* RecipesViewModel.swift */; };
		4CAF81732C692E02002F71AD /* Recipe_AppApp.swift in Sources */ = {isa = PBXBuildFile; fileRef = 4CAF81722C692E02002F71AD /* Recipe_AppApp.swift */; };
		4CAF81752C692E02002F71AD /* ContentView.swift in Sources */ = {isa = PBXBuildFile; fileRef = 4CAF81742C692E02002F71AD /* ContentView.swift */; };
		4CAF81772C692E03002F71AD /* Assets.xcassets in Resources */ = {isa = PBXBuildFile; fileRef = 4CAF81762C692E03002F71AD /* Assets.xcassets */; };
		4CAF817A2C692E03002F71AD /* Preview Assets.xcassets in Resources */ = {isa = PBXBuildFile; fileRef = 4CAF81792C692E03002F71AD /* Preview Assets.xcassets */; };
		4CB14ADF2C6A33EF006230BB /* HomeView.swift in Sources */ = {isa = PBXBuildFile; fileRef = 4CB14ADE2C6A33EF006230BB /* HomeView.swift */; };
/* End PBXBuildFile section */

/* Begin PBXFileReference section */
		4C2641B22C6A51FB00F020F7 /* CategoriesView.swift */ = {isa = PBXFileReference; lastKnownFileType = sourcecode.swift; path = CategoriesView.swift; sourceTree = "<group>"; };
		4C2641B42C6A522700F020F7 /* NewRecipeView.swift */ = {isa = PBXFileReference; lastKnownFileType = sourcecode.swift; path = NewRecipeView.swift; sourceTree = "<group>"; };
		4C2641B62C6A523A00F020F7 /* FavouritesView.swift */ = {isa = PBXFileReference; lastKnownFileType = sourcecode.swift; path = FavouritesView.swift; sourceTree = "<group>"; };
		4C2641B82C6A524C00F020F7 /* SettingsView.swift */ = {isa = PBXFileReference; lastKnownFileType = sourcecode.swift; path = SettingsView.swift; sourceTree = "<group>"; };
		4C3E012C2C6CB4E50063F571 /* TabBar.swift */ = {isa = PBXFileReference; lastKnownFileType = sourcecode.swift; path = TabBar.swift; sourceTree = "<group>"; };
		4C3E012F2C6CBC580063F571 /* RecipeModel.swift */ = {isa = PBXFileReference; lastKnownFileType = sourcecode.swift; path = RecipeModel.swift; sourceTree = "<group>"; };
		4C5107792C6DF6DA00FEFE7F /* RecipeCard.swift */ = {isa = PBXFileReference; lastKnownFileType = sourcecode.swift; path = RecipeCard.swift; sourceTree = "<group>"; };
		4C51077B2C6E130400FEFE7F /* RecipeList.swift */ = {isa = PBXFileReference; lastKnownFileType = sourcecode.swift; path = RecipeList.swift; sourceTree = "<group>"; };
		4C51077D2C6E22E900FEFE7F /* RecipeView.swift */ = {isa = PBXFileReference; lastKnownFileType = sourcecode.swift; path = RecipeView.swift; sourceTree = "<group>"; };
		4C5107812C6E52DB00FEFE7F /* CategoryView.swift */ = {isa = PBXFileReference; lastKnownFileType = sourcecode.swift; path = CategoryView.swift; sourceTree = "<group>"; };
		4C580C6E2C6F339B00672D66 /* AddRecipeView.swift */ = {isa = PBXFileReference; lastKnownFileType = sourcecode.swift; path = AddRecipeView.swift; sourceTree = "<group>"; };
		4C580C702C6F424400672D66 /* RecipesViewModel.swift */ = {isa = PBXFileReference; lastKnownFileType = sourcecode.swift; path = RecipesViewModel.swift; sourceTree = "<group>"; };
		4CAF816F2C692E02002F71AD /* Recipe App.app */ = {isa = PBXFileReference; explicitFileType = wrapper.application; includeInIndex = 0; path = "Recipe App.app"; sourceTree = BUILT_PRODUCTS_DIR; };
		4CAF81722C692E02002F71AD /* Recipe_AppApp.swift */ = {isa = PBXFileReference; lastKnownFileType = sourcecode.swift; path = Recipe_AppApp.swift; sourceTree = "<group>"; };
		4CAF81742C692E02002F71AD /* ContentView.swift */ = {isa = PBXFileReference; lastKnownFileType = sourcecode.swift; path = ContentView.swift; sourceTree = "<group>"; };
		4CAF81762C692E03002F71AD /* Assets.xcassets */ = {isa = PBXFileReference; lastKnownFileType = folder.assetcatalog; path = Assets.xcassets; sourceTree = "<group>"; };
		4CAF81792C692E03002F71AD /* Preview Assets.xcassets */ = {isa = PBXFileReference; lastKnownFileType = folder.assetcatalog; path = "Preview Assets.xcassets"; sourceTree = "<group>"; };
		4CB14ADE2C6A33EF006230BB /* HomeView.swift */ = {isa = PBXFileReference; lastKnownFileType = sourcecode.swift; path = HomeView.swift; sourceTree = "<group>"; };
/* End PBXFileReference section */

/* Begin PBXFrameworksBuildPhase section */
		4CAF816C2C692E02002F71AD /* Frameworks */ = {
			isa = PBXFrameworksBuildPhase;
			buildActionMask = 2147483647;
			files = (
			);
			runOnlyForDeploymentPostprocessing = 0;
		};
/* End PBXFrameworksBuildPhase section */

/* Begin PBXGroup section */
		4CAF81662C692E02002F71AD = {
			isa = PBXGroup;
			children = (
				4CAF81712C692E02002F71AD /* Recipe App */,
				4CAF81762C692E03002F71AD /* Assets.xcassets */,
				4CB14ADD2C6A338F006230BB /* ViewModels */,
				4CB14ADC2C6A3372006230BB /* Models */,
				4CAF81702C692E02002F71AD /* Products */,
			);
			sourceTree = "<group>";
		};
		4CAF81702C692E02002F71AD /* Products */ = {
			isa = PBXGroup;
			children = (
				4CAF816F2C692E02002F71AD /* Recipe App.app */,
			);
			name = Products;
			sourceTree = "<group>";
		};
		4CAF81712C692E02002F71AD /* Recipe App */ = {
			isa = PBXGroup;
			children = (
				4CAF81722C692E02002F71AD /* Recipe_AppApp.swift */,
				4CB14AD82C6A328D006230BB /* Views */,
				4CAF81782C692E03002F71AD /* Preview Content */,
			);
			path = "Recipe App";
			sourceTree = "<group>";
		};
		4CAF81782C692E03002F71AD /* Preview Content */ = {
			isa = PBXGroup;
			children = (
				4CAF81792C692E03002F71AD /* Preview Assets.xcassets */,
			);
			path = "Preview Content";
			sourceTree = "<group>";
		};
		4CB14AD82C6A328D006230BB /* Views */ = {
			isa = PBXGroup;
			children = (
				4CB14ADA2C6A331D006230BB /* Detail */,
				4CB14ADB2C6A3344006230BB /* Components */,
				4CB14AD92C6A32DA006230BB /* Main */,
			);
			path = Views;
			sourceTree = "<group>";
		};
		4CB14AD92C6A32DA006230BB /* Main */ = {
			isa = PBXGroup;
			children = (
				4CAF81742C692E02002F71AD /* ContentView.swift */,
				4C3E012C2C6CB4E50063F571 /* TabBar.swift */,
				4CB14ADE2C6A33EF006230BB /* HomeView.swift */,
				4C2641B22C6A51FB00F020F7 /* CategoriesView.swift */,
				4C2641B42C6A522700F020F7 /* NewRecipeView.swift */,
				4C2641B62C6A523A00F020F7 /* FavouritesView.swift */,
				4C2641B82C6A524C00F020F7 /* SettingsView.swift */,
			);
			path = Main;
			sourceTree = "<group>";
		};
		4CB14ADA2C6A331D006230BB /* Detail */ = {
			isa = PBXGroup;
			children = (
				4C51077D2C6E22E900FEFE7F /* RecipeView.swift */,
				4C5107812C6E52DB00FEFE7F /* CategoryView.swift */,
				4C580C6E2C6F339B00672D66 /* AddRecipeView.swift */,
			);
			path = Detail;
			sourceTree = "<group>";
		};
		4CB14ADB2C6A3344006230BB /* Components */ = {
			isa = PBXGroup;
			children = (
				4C5107792C6DF6DA00FEFE7F /* RecipeCard.swift */,
				4C51077B2C6E130400FEFE7F /* RecipeList.swift */,
			);
			path = Components;
			sourceTree = "<group>";
		};
		4CB14ADC2C6A3372006230BB /* Models */ = {
			isa = PBXGroup;
			children = (
				4C3E012F2C6CBC580063F571 /* RecipeModel.swift */,
			);
			path = Models;
			sourceTree = "<group>";
		};
		4CB14ADD2C6A338F006230BB /* ViewModels */ = {
			isa = PBXGroup;
			children = (
				4C580C702C6F424400672D66 /* RecipesViewModel.swift */,
			);
			path = ViewModels;
			sourceTree = "<group>";
		};
/* End PBXGroup section */

/* Begin PBXNativeTarget section */
		4CAF816E2C692E02002F71AD /* Recipe App */ = {
			isa = PBXNativeTarget;
			buildConfigurationList = 4CAF817D2C692E03002F71AD /* Build configuration list for PBXNativeTarget "Recipe App" */;
			buildPhases = (
				4CAF816B2C692E02002F71AD /* Sources */,
				4CAF816C2C692E02002F71AD /* Frameworks */,
				4CAF816D2C692E02002F71AD /* Resources */,
			);
			buildRules = (
			);
			dependencies = (
			);
			name = "Recipe App";
			productName = "Recipe App";
			productReference = 4CAF816F2C692E02002F71AD /* Recipe App.app */;
			productType = "com.apple.product-type.application";
		};
/* End PBXNativeTarget section */

/* Begin PBXProject section */
		4CAF81672C692E02002F71AD /* Project object */ = {
			isa = PBXProject;
			attributes = {
				BuildIndependentTargetsInParallel = 1;
				LastSwiftUpdateCheck = 1540;
				LastUpgradeCheck = 1540;
				TargetAttributes = {
					4CAF816E2C692E02002F71AD = {
						CreatedOnToolsVersion = 15.4;
					};
				};
			};
			buildConfigurationList = 4CAF816A2C692E02002F71AD /* Build configuration list for PBXProject "Recipe App" */;
			compatibilityVersion = "Xcode 14.0";
			developmentRegion = en;
			hasScannedForEncodings = 0;
			knownRegions = (
				en,
				Base,
			);
			mainGroup = 4CAF81662C692E02002F71AD;
			productRefGroup = 4CAF81702C692E02002F71AD /* Products */;
			projectDirPath = "";
			projectRoot = "";
			targets = (
				4CAF816E2C692E02002F71AD /* Recipe App */,
			);
		};
/* End PBXProject section */

/* Begin PBXResourcesBuildPhase section */
		4CAF816D2C692E02002F71AD /* Resources */ = {
			isa = PBXResourcesBuildPhase;
			buildActionMask = 2147483647;
			files = (
				4CAF817A2C692E03002F71AD /* Preview Assets.xcassets in Resources */,
				4CAF81772C692E03002F71AD /* Assets.xcassets in Resources */,
			);
			runOnlyForDeploymentPostprocessing = 0;
		};
/* End PBXResourcesBuildPhase section */

/* Begin PBXSourcesBuildPhase section */
		4CAF816B2C692E02002F71AD /* Sources */ = {
			isa = PBXSourcesBuildPhase;
			buildActionMask = 2147483647;
			files = (
				4C580C6F2C6F339B00672D66 /* AddRecipeView.swift in Sources */,
				4C2641B92C6A524C00F020F7 /* SettingsView.swift in Sources */,
				4C51077A2C6DF6DA00FEFE7F /* RecipeCard.swift in Sources */,
				4C2641B32C6A51FB00F020F7 /* CategoriesView.swift in Sources */,
				4C2641B52C6A522700F020F7 /* NewRecipeView.swift in Sources */,
				4C3E012D2C6CB4E50063F571 /* TabBar.swift in Sources */,
				4C5107822C6E52DB00FEFE7F /* CategoryView.swift in Sources */,
				4CB14ADF2C6A33EF006230BB /* HomeView.swift in Sources */,
				4C51077E2C6E22E900FEFE7F /* RecipeView.swift in Sources */,
				4C51077C2C6E130400FEFE7F /* RecipeList.swift in Sources */,
				4CAF81752C692E02002F71AD /* ContentView.swift in Sources */,
				4C2641B72C6A523A00F020F7 /* FavouritesView.swift in Sources */,
				4C580C712C6F424500672D66 /* RecipesViewModel.swift in Sources */,
				4CAF81732C692E02002F71AD /* Recipe_AppApp.swift in Sources */,
				4C3E01302C6CBC580063F571 /* RecipeModel.swift in Sources */,
			);
			runOnlyForDeploymentPostprocessing = 0;
		};
/* End PBXSourcesBuildPhase section */

/* Begin XCBuildConfiguration section */
		4CAF817B2C692E03002F71AD /* Debug */ = {
			isa = XCBuildConfiguration;
			buildSettings = {
				ALWAYS_SEARCH_USER_PATHS = NO;
				ASSETCATALOG_COMPILER_GENERATE_SWIFT_ASSET_SYMBOL_EXTENSIONS = YES;
				CLANG_ANALYZER_NONNULL = YES;
				CLANG_ANALYZER_NUMBER_OBJECT_CONVERSION = YES_AGGRESSIVE;
				CLANG_CXX_LANGUAGE_STANDARD = "gnu++20";
				CLANG_ENABLE_MODULES = YES;
				CLANG_ENABLE_OBJC_ARC = YES;
				CLANG_ENABLE_OBJC_WEAK = YES;
				CLANG_WARN_BLOCK_CAPTURE_AUTORELEASING = YES;
				CLANG_WARN_BOOL_CONVERSION = YES;
				CLANG_WARN_COMMA = YES;
				CLANG_WARN_CONSTANT_CONVERSION = YES;
				CLANG_WARN_DEPRECATED_OBJC_IMPLEMENTATIONS = YES;
				CLANG_WARN_DIRECT_OBJC_ISA_USAGE = YES_ERROR;
				CLANG_WARN_DOCUMENTATION_COMMENTS = YES;
				CLANG_WARN_EMPTY_BODY = YES;
				CLANG_WARN_ENUM_CONVERSION = YES;
				CLANG_WARN_INFINITE_RECURSION = YES;
				CLANG_WARN_INT_CONVERSION = YES;
				CLANG_WARN_NON_LITERAL_NULL_CONVERSION = YES;
				CLANG_WARN_OBJC_IMPLICIT_RETAIN_SELF = YES;
				CLANG_WARN_OBJC_LITERAL_CONVERSION = YES;
				CLANG_WARN_OBJC_ROOT_CLASS = YES_ERROR;
				CLANG_WARN_QUOTED_INCLUDE_IN_FRAMEWORK_HEADER = YES;
				CLANG_WARN_RANGE_LOOP_ANALYSIS = YES;
				CLANG_WARN_STRICT_PROTOTYPES = YES;
				CLANG_WARN_SUSPICIOUS_MOVE = YES;
				CLANG_WARN_UNGUARDED_AVAILABILITY = YES_AGGRESSIVE;
				CLANG_WARN_UNREACHABLE_CODE = YES;
				CLANG_WARN__DUPLICATE_METHOD_MATCH = YES;
				COPY_PHASE_STRIP = NO;
				DEBUG_INFORMATION_FORMAT = dwarf;
				ENABLE_STRICT_OBJC_MSGSEND = YES;
				ENABLE_TESTABILITY = YES;
				ENABLE_USER_SCRIPT_SANDBOXING = YES;
				GCC_C_LANGUAGE_STANDARD = gnu17;
				GCC_DYNAMIC_NO_PIC = NO;
				GCC_NO_COMMON_BLOCKS = YES;
				GCC_OPTIMIZATION_LEVEL = 0;
				GCC_PREPROCESSOR_DEFINITIONS = (
					"DEBUG=1",
					"$(inherited)",
				);
				GCC_WARN_64_TO_32_BIT_CONVERSION = YES;
				GCC_WARN_ABOUT_RETURN_TYPE = YES_ERROR;
				GCC_WARN_UNDECLARED_SELECTOR = YES;
				GCC_WARN_UNINITIALIZED_AUTOS = YES_AGGRESSIVE;
				GCC_WARN_UNUSED_FUNCTION = YES;
				GCC_WARN_UNUSED_VARIABLE = YES;
				IPHONEOS_DEPLOYMENT_TARGET = 17.5;
				LOCALIZATION_PREFERS_STRING_CATALOGS = YES;
				MTL_ENABLE_DEBUG_INFO = INCLUDE_SOURCE;
				MTL_FAST_MATH = YES;
				ONLY_ACTIVE_ARCH = YES;
				SDKROOT = iphoneos;
				SWIFT_ACTIVE_COMPILATION_CONDITIONS = "DEBUG $(inherited)";
				SWIFT_OPTIMIZATION_LEVEL = "-Onone";
			};
			name = Debug;
		};
		4CAF817C2C692E03002F71AD /* Release */ = {
			isa = XCBuildConfiguration;
			buildSettings = {
				ALWAYS_SEARCH_USER_PATHS = NO;
				ASSETCATALOG_COMPILER_GENERATE_SWIFT_ASSET_SYMBOL_EXTENSIONS = YES;
				CLANG_ANALYZER_NONNULL = YES;
				CLANG_ANALYZER_NUMBER_OBJECT_CONVERSION = YES_AGGRESSIVE;
				CLANG_CXX_LANGUAGE_STANDARD = "gnu++20";
				CLANG_ENABLE_MODULES = YES;
				CLANG_ENABLE_OBJC_ARC = YES;
				CLANG_ENABLE_OBJC_WEAK = YES;
				CLANG_WARN_BLOCK_CAPTURE_AUTORELEASING = YES;
				CLANG_WARN_BOOL_CONVERSION = YES;
				CLANG_WARN_COMMA = YES;
				CLANG_WARN_CONSTANT_CONVERSION = YES;
				CLANG_WARN_DEPRECATED_OBJC_IMPLEMENTATIONS = YES;
				CLANG_WARN_DIRECT_OBJC_ISA_USAGE = YES_ERROR;
				CLANG_WARN_DOCUMENTATION_COMMENTS = YES;
				CLANG_WARN_EMPTY_BODY = YES;
				CLANG_WARN_ENUM_CONVERSION = YES;
				CLANG_WARN_INFINITE_RECURSION = YES;
				CLANG_WARN_INT_CONVERSION = YES;
				CLANG_WARN_NON_LITERAL_NULL_CONVERSION = YES;
				CLANG_WARN_OBJC_IMPLICIT_RETAIN_SELF = YES;
				CLANG_WARN_OBJC_LITERAL_CONVERSION = YES;
				CLANG_WARN_OBJC_ROOT_CLASS = YES_ERROR;
				CLANG_WARN_QUOTED_INCLUDE_IN_FRAMEWORK_HEADER = YES;
				CLANG_WARN_RANGE_LOOP_ANALYSIS = YES;
				CLANG_WARN_STRICT_PROTOTYPES = YES;
				CLANG_WARN_SUSPICIOUS_MOVE = YES;
				CLANG_WARN_UNGUARDED_AVAILABILITY = YES_AGGRESSIVE;
				CLANG_WARN_UNREACHABLE_CODE = YES;
				CLANG_WARN__DUPLICATE_METHOD_MATCH = YES;
				COPY_PHASE_STRIP = NO;
				DEBUG_INFORMATION_FORMAT = "dwarf-with-dsym";
				ENABLE_NS_ASSERTIONS = NO;
				ENABLE_STRICT_OBJC_MSGSEND = YES;
				ENABLE_USER_SCRIPT_SANDBOXING = YES;
				GCC_C_LANGUAGE_STANDARD = gnu17;
				GCC_NO_COMMON_BLOCKS = YES;
				GCC_WARN_64_TO_32_BIT_CONVERSION = YES;
				GCC_WARN_ABOUT_RETURN_TYPE = YES_ERROR;
				GCC_WARN_UNDECLARED_SELECTOR = YES;
				GCC_WARN_UNINITIALIZED_AUTOS = YES_AGGRESSIVE;
				GCC_WARN_UNUSED_FUNCTION = YES;
				GCC_WARN_UNUSED_VARIABLE = YES;
				IPHONEOS_DEPLOYMENT_TARGET = 17.5;
				LOCALIZATION_PREFERS_STRING_CATALOGS = YES;
				MTL_ENABLE_DEBUG_INFO = NO;
				MTL_FAST_MATH = YES;
				SDKROOT = iphoneos;
				SWIFT_COMPILATION_MODE = wholemodule;
				VALIDATE_PRODUCT = YES;
			};
			name = Release;
		};
		4CAF817E2C692E03002F71AD /* Debug */ = {
			isa = XCBuildConfiguration;
			buildSettings = {
				ASSETCATALOG_COMPILER_APPICON_NAME = AppIcon;
				ASSETCATALOG_COMPILER_GLOBAL_ACCENT_COLOR_NAME = AccentColor;
				CODE_SIGN_STYLE = Automatic;
				CURRENT_PROJECT_VERSION = 1;
				DEVELOPMENT_ASSET_PATHS = "\"Recipe App/Preview Content\"";
				DEVELOPMENT_TEAM = 5D2R77RY8V;
				ENABLE_PREVIEWS = YES;
				GENERATE_INFOPLIST_FILE = YES;
				INFOPLIST_KEY_UIApplicationSceneManifest_Generation = YES;
				INFOPLIST_KEY_UIApplicationSupportsIndirectInputEvents = YES;
				INFOPLIST_KEY_UILaunchScreen_Generation = YES;
				INFOPLIST_KEY_UISupportedInterfaceOrientations_iPad = "UIInterfaceOrientationPortrait UIInterfaceOrientationPortraitUpsideDown UIInterfaceOrientationLandscapeLeft UIInterfaceOrientationLandscapeRight";
				INFOPLIST_KEY_UISupportedInterfaceOrientations_iPhone = "UIInterfaceOrientationPortrait UIInterfaceOrientationLandscapeLeft UIInterfaceOrientationLandscapeRight";
				LD_RUNPATH_SEARCH_PATHS = (
					"$(inherited)",
					"@executable_path/Frameworks",
				);
				MARKETING_VERSION = 1.0;
				PRODUCT_BUNDLE_IDENTIFIER = "com.Andrei.Recipe-App";
				PRODUCT_NAME = "$(TARGET_NAME)";
				SWIFT_EMIT_LOC_STRINGS = YES;
				SWIFT_VERSION = 5.0;
				TARGETED_DEVICE_FAMILY = "1,2";
			};
			name = Debug;
		};
		4CAF817F2C692E03002F71AD /* Release */ = {
			isa = XCBuildConfiguration;
			buildSettings = {
				ASSETCATALOG_COMPILER_APPICON_NAME = AppIcon;
				ASSETCATALOG_COMPILER_GLOBAL_ACCENT_COLOR_NAME = AccentColor;
				CODE_SIGN_STYLE = Automatic;
				CURRENT_PROJECT_VERSION = 1;
				DEVELOPMENT_ASSET_PATHS = "\"Recipe App/Preview Content\"";
				DEVELOPMENT_TEAM = 5D2R77RY8V;
				ENABLE_PREVIEWS = YES;
				GENERATE_INFOPLIST_FILE = YES;
				INFOPLIST_KEY_UIApplicationSceneManifest_Generation = YES;
				INFOPLIST_KEY_UIApplicationSupportsIndirectInputEvents = YES;
				INFOPLIST_KEY_UILaunchScreen_Generation = YES;
				INFOPLIST_KEY_UISupportedInterfaceOrientations_iPad = "UIInterfaceOrientationPortrait UIInterfaceOrientationPortraitUpsideDown UIInterfaceOrientationLandscapeLeft UIInterfaceOrientationLandscapeRight";
				INFOPLIST_KEY_UISupportedInterfaceOrientations_iPhone = "UIInterfaceOrientationPortrait UIInterfaceOrientationLandscapeLeft UIInterfaceOrientationLandscapeRight";
				LD_RUNPATH_SEARCH_PATHS = (
					"$(inherited)",
					"@executable_path/Frameworks",
				);
				MARKETING_VERSION = 1.0;
				PRODUCT_BUNDLE_IDENTIFIER = "com.Andrei.Recipe-App";
				PRODUCT_NAME = "$(TARGET_NAME)";
				SWIFT_EMIT_LOC_STRINGS = YES;
				SWIFT_VERSION = 5.0;
				TARGETED_DEVICE_FAMILY = "1,2";
			};
			name = Release;
		};
/* End XCBuildConfiguration section */

/* Begin XCConfigurationList section */
		4CAF816A2C692E02002F71AD /* Build configuration list for PBXProject "Recipe App" */ = {
			isa = XCConfigurationList;
			buildConfigurations = (
				4CAF817B2C692E03002F71AD /* Debug */,
				4CAF817C2C692E03002F71AD /* Release */,
			);
			defaultConfigurationIsVisible = 0;
			defaultConfigurationName = Release;
		};
		4CAF817D2C692E03002F71AD /* Build configuration list for PBXNativeTarget "Recipe App" */ = {
			isa = XCConfigurationList;
			buildConfigurations = (
				4CAF817E2C692E03002F71AD /* Debug */,
				4CAF817F2C692E03002F71AD /* Release */,
			);
			defaultConfigurationIsVisible = 0;
			defaultConfigurationName = Release;
		};
/* End XCConfigurationList section */
	};
	rootObject = 4CAF81672C692E02002F71AD /* Project object */;
}
